{
  "name": "@ai3d/triposplat-mutualgpu-provider",
  "version": "0.1.0",
  "lockfileVersion": 3,
  "requires": true,
  "packages": {
    "": {
      "name": "@ai3d/triposplat-mutualgpu-provider",
      "version": "0.1.0",
      "dependencies": {
        "@mutualgpu/provider-core": "file:vendor/mutualgpu-sdk/provider-core",
        "@mutualgpu/provider-node": "file:vendor/mutualgpu-sdk/provider-node"
      },
      "engines": {
        "node": ">=20"
      }
    },
    "node_modules/@mutualgpu/provider-core": {
      "resolved": "vendor/mutualgpu-sdk/provider-core",
      "link": true
    },
    "node_modules/@mutualgpu/provider-node": {
      "resolved": "vendor/mutualgpu-sdk/provider-node",
      "link": true
    },
    "vendor/mutualgpu-sdk/provider-core": {
      "name": "@mutualgpu/provider-core",
      "version": "0.1.0-preview.4"
    },
    "vendor/mutualgpu-sdk/provider-node": {
      "name": "@mutualgpu/provider-node",
      "version": "0.1.0-preview.4",
      "dependencies": {
        "@mutualgpu/provider-core": "0.1.0-preview.4"
      }
    }
  }
}
